github.com/ChromeTemp/Popup v1.2.0 h1:IESF83/PQoHadPG2148lYIFKol9GDQ76cs5QwhOSI4w=
github.com/ChromeTemp/Popup v1.2.0/go.mod h1:yaqzaV1jMHNPnV0OF53EMMcYqhcnCsM+2p2THZdivVo=
golang.org/x/sys v0.20.0 h1:Od9JTbYCk261bKm4M/mw7AklTlFYIa0bIp9BgSm1S8Y=
golang.org/x/sys v0.20.0/go.mod h1:/VUhepiaJMQUp4+oa/7Zr1D23ma6VTLIYjOOTFZPUcA=
